
Microsoft Visual Studio Solution File, Format Version 12.00
# Visual Studio Version 17
VisualStudioVersion = 17.6.33815.320
MinimumVisualStudioVersion = 10.0.40219.1
Project("{9A19103F-16F7-4668-BE54-9A1E7A4F7556}") = "OrderCreator", "OrderCreator\OrderCreator.csproj", "{97E2BE38-0BF8-451B-8003-6B64E1C81101}"
EndProject
Project("{9A19103F-16F7-4668-BE54-9A1E7A4F7556}") = "OrderCreatorUnitTests", "OrderCreatorUnitTests\OrderCreatorUnitTests.csproj", "{99CD64C8-A8C3-45A8-8F58-8340AB6D23A3}"
EndProject
Global
	GlobalSection(SolutionConfigurationPlatforms) = preSolution
		Debug|Any CPU = Debug|Any CPU
		Release|Any CPU = Release|Any CPU
	EndGlobalSection
	GlobalSection(ProjectConfigurationPlatforms) = postSolution
		{97E2BE38-0BF8-451B-8003-6B64E1C81101}.Debug|Any CPU.ActiveCfg = Debug|Any CPU
		{97E2BE38-0BF8-451B-8003-6B64E1C81101}.Debug|Any CPU.Build.0 = Debug|Any CPU
		{97E2BE38-0BF8-451B-8003-6B64E1C81101}.Release|Any CPU.ActiveCfg = Release|Any CPU
		{97E2BE38-0BF8-451B-8003-6B64E1C81101}.Release|Any CPU.Build.0 = Release|Any CPU
		{99CD64C8-A8C3-45A8-8F58-8340AB6D23A3}.Debug|Any CPU.ActiveCfg = Debug|Any CPU
		{99CD64C8-A8C3-45A8-8F58-8340AB6D23A3}.Debug|Any CPU.Build.0 = Debug|Any CPU
		{99CD64C8-A8C3-45A8-8F58-8340AB6D23A3}.Release|Any CPU.ActiveCfg = Release|Any CPU
		{99CD64C8-A8C3-45A8-8F58-8340AB6D23A3}.Release|Any CPU.Build.0 = Release|Any CPU
	EndGlobalSection
	GlobalSection(SolutionProperties) = preSolution
		HideSolutionNode = FALSE
	EndGlobalSection
	GlobalSection(ExtensibilityGlobals) = postSolution
		SolutionGuid = {1B62B9EF-DDAD-4B70-A269-233A404C4A0D}
	EndGlobalSection
EndGlobal
